
Microsoft Visual Studio Solution File, Format Version 12.00
# Visual Studio 15
VisualStudioVersion = 15.0.28307.168
MinimumVisualStudioVersion = 10.0.40219.1
Project("{FAE04EC0-301F-11D3-BF4B-00C04F79EFBC}") = "PollyCancellationTest", "PollyCancellationTest\PollyCancellationTest.csproj", "{21E550DE-780B-4474-872C-013F475B5A0D}"
EndProject
Global
	GlobalSection(SolutionConfigurationPlatforms) = preSolution
		Debug|Any CPU = Debug|Any CPU
		Release|Any CPU = Release|Any CPU
	EndGlobalSection
	GlobalSection(ProjectConfigurationPlatforms) = postSolution
		{21E550DE-780B-4474-872C-013F475B5A0D}.Debug|Any CPU.ActiveCfg = Debug|Any CPU
		{21E550DE-780B-4474-872C-013F475B5A0D}.Debug|Any CPU.Build.0 = Debug|Any CPU
		{21E550DE-780B-4474-872C-013F475B5A0D}.Release|Any CPU.ActiveCfg = Release|Any CPU
		{21E550DE-780B-4474-872C-013F475B5A0D}.Release|Any CPU.Build.0 = Release|Any CPU
	EndGlobalSection
	GlobalSection(SolutionProperties) = preSolution
		HideSolutionNode = FALSE
	EndGlobalSection
	GlobalSection(ExtensibilityGlobals) = postSolution
		SolutionGuid = {87D09D68-7E23-4455-BD07-EC62E4812F04}
	EndGlobalSection
EndGlobal
